
Microsoft Visual Studio Solution File, Format Version 12.00
# Visual Studio Version 16
VisualStudioVersion = 16.0.32510.428
MinimumVisualStudioVersion = 10.0.40219.1
Project("{9A19103F-16F7-4668-BE54-9A1E7A4F7556}") = "PizzaCalories", "PizzaCalories.csproj", "{3FAA76F9-E1C2-4446-830D-8C784F827D8F}"
EndProject
Global
	GlobalSection(SolutionConfigurationPlatforms) = preSolution
		Debug|Any CPU = Debug|Any CPU
		Release|Any CPU = Release|Any CPU
	EndGlobalSection
	GlobalSection(ProjectConfigurationPlatforms) = postSolution
		{3FAA76F9-E1C2-4446-830D-8C784F827D8F}.Debug|Any CPU.ActiveCfg = Debug|Any CPU
		{3FAA76F9-E1C2-4446-830D-8C784F827D8F}.Debug|Any CPU.Build.0 = Debug|Any CPU
		{3FAA76F9-E1C2-4446-830D-8C784F827D8F}.Release|Any CPU.ActiveCfg = Release|Any CPU
		{3FAA76F9-E1C2-4446-830D-8C784F827D8F}.Release|Any CPU.Build.0 = Release|Any CPU
	EndGlobalSection
	GlobalSection(SolutionProperties) = preSolution
		HideSolutionNode = FALSE
	EndGlobalSection
	GlobalSection(ExtensibilityGlobals) = postSolution
		SolutionGuid = {3AAF5119-91A6-46EB-B29D-8F7537942C80}
	EndGlobalSection
EndGlobal
