
Microsoft Visual Studio Solution File, Format Version 12.00
# Visual Studio Version 16
VisualStudioVersion = 16.0.32228.343
MinimumVisualStudioVersion = 10.0.40219.1
Project("{FAE04EC0-301F-11D3-BF4B-00C04F79EFBC}") = "SingleInheritance", "SingleInheritance.csproj", "{B063BF3B-AAF9-4DF5-8BD0-5BC57E4B3AEA}"
EndProject
Project("{FAE04EC0-301F-11D3-BF4B-00C04F79EFBC}") = "MultipleInheritance", "..\MultipleInheritance\MultipleInheritance.csproj", "{6BF4DAD4-7065-4901-8A8B-47C081179157}"
EndProject
Global
	GlobalSection(SolutionConfigurationPlatforms) = preSolution
		Debug|Any CPU = Debug|Any CPU
		Release|Any CPU = Release|Any CPU
	EndGlobalSection
	GlobalSection(ProjectConfigurationPlatforms) = postSolution
		{B063BF3B-AAF9-4DF5-8BD0-5BC57E4B3AEA}.Debug|Any CPU.ActiveCfg = Debug|Any CPU
		{B063BF3B-AAF9-4DF5-8BD0-5BC57E4B3AEA}.Debug|Any CPU.Build.0 = Debug|Any CPU
		{B063BF3B-AAF9-4DF5-8BD0-5BC57E4B3AEA}.Release|Any CPU.ActiveCfg = Release|Any CPU
		{B063BF3B-AAF9-4DF5-8BD0-5BC57E4B3AEA}.Release|Any CPU.Build.0 = Release|Any CPU
		{6BF4DAD4-7065-4901-8A8B-47C081179157}.Debug|Any CPU.ActiveCfg = Debug|Any CPU
		{6BF4DAD4-7065-4901-8A8B-47C081179157}.Debug|Any CPU.Build.0 = Debug|Any CPU
		{6BF4DAD4-7065-4901-8A8B-47C081179157}.Release|Any CPU.ActiveCfg = Release|Any CPU
		{6BF4DAD4-7065-4901-8A8B-47C081179157}.Release|Any CPU.Build.0 = Release|Any CPU
	EndGlobalSection
	GlobalSection(SolutionProperties) = preSolution
		HideSolutionNode = FALSE
	EndGlobalSection
	GlobalSection(ExtensibilityGlobals) = postSolution
		SolutionGuid = {BE1C29D7-3333-4BD6-AC06-8C5C53D83521}
	EndGlobalSection
EndGlobal
