
Microsoft Visual Studio Solution File, Format Version 12.00
# Visual Studio Version 16
VisualStudioVersion = 16.0.32510.428
MinimumVisualStudioVersion = 10.0.40219.1
Project("{FAE04EC0-301F-11D3-BF4B-00C04F79EFBC}") = "BorderControl", "BorderControl\BorderControl.csproj", "{4EBAEC8E-94CA-4842-A06D-764962B3EB3E}"
EndProject
Project("{FAE04EC0-301F-11D3-BF4B-00C04F79EFBC}") = "BirthdayCelebrations", "BirthdayCelebrations\BirthdayCelebrations.csproj", "{0196275E-AC09-4A86-A39A-6D658AFE4D62}"
EndProject
Global
	GlobalSection(SolutionConfigurationPlatforms) = preSolution
		Debug|Any CPU = Debug|Any CPU
		Release|Any CPU = Release|Any CPU
	EndGlobalSection
	GlobalSection(ProjectConfigurationPlatforms) = postSolution
		{4EBAEC8E-94CA-4842-A06D-764962B3EB3E}.Debug|Any CPU.ActiveCfg = Debug|Any CPU
		{4EBAEC8E-94CA-4842-A06D-764962B3EB3E}.Debug|Any CPU.Build.0 = Debug|Any CPU
		{4EBAEC8E-94CA-4842-A06D-764962B3EB3E}.Release|Any CPU.ActiveCfg = Release|Any CPU
		{4EBAEC8E-94CA-4842-A06D-764962B3EB3E}.Release|Any CPU.Build.0 = Release|Any CPU
		{0196275E-AC09-4A86-A39A-6D658AFE4D62}.Debug|Any CPU.ActiveCfg = Debug|Any CPU
		{0196275E-AC09-4A86-A39A-6D658AFE4D62}.Debug|Any CPU.Build.0 = Debug|Any CPU
		{0196275E-AC09-4A86-A39A-6D658AFE4D62}.Release|Any CPU.ActiveCfg = Release|Any CPU
		{0196275E-AC09-4A86-A39A-6D658AFE4D62}.Release|Any CPU.Build.0 = Release|Any CPU
	EndGlobalSection
	GlobalSection(SolutionProperties) = preSolution
		HideSolutionNode = FALSE
	EndGlobalSection
	GlobalSection(ExtensibilityGlobals) = postSolution
		SolutionGuid = {DE75E886-7A64-424D-9E2F-A26D8C3CBDDE}
	EndGlobalSection
EndGlobal
